<Project xmlns="http://schemas.microsoft.com/developer/msbuild/2003">
    <PropertyGroup>
        <ProjectGuid>{47517DEC-EBB0-406B-A7A0-D7995B5BF17A}</ProjectGuid>
        <ProjectVersion>18.2</ProjectVersion>
        <FrameworkType>VCL</FrameworkType>
        <MainSource>dsemployee.dpr</MainSource>
        <Base>True</Base>
        <Config Condition="'$(Config)'==''">Release</Config>
        <Platform Condition="'$(Platform)'==''">Linux64</Platform>
        <TargetedPlatforms>129</TargetedPlatforms>
        <AppType>Console</AppType>
    </PropertyGroup>
    <PropertyGroup Condition="'$(Config)'=='Base' or '$(Base)'!=''">
        <Base>true</Base>
    </PropertyGroup>
    <PropertyGroup Condition="('$(Platform)'=='Linux64' and '$(Base)'=='true') or '$(Base_Linux64)'!=''">
        <Base_Linux64>true</Base_Linux64>
        <CfgParent>Base</CfgParent>
        <Base>true</Base>
    </PropertyGroup>
    <PropertyGroup Condition="('$(Platform)'=='Win32' and '$(Base)'=='true') or '$(Base_Win32)'!=''">
        <Base_Win32>true</Base_Win32>
        <CfgParent>Base</CfgParent>
        <Base>true</Base>
    </PropertyGroup>
    <PropertyGroup Condition="('$(Platform)'=='Win64' and '$(Base)'=='true') or '$(Base_Win64)'!=''">
        <Base_Win64>true</Base_Win64>
        <CfgParent>Base</CfgParent>
        <Base>true</Base>
    </PropertyGroup>
    <PropertyGroup Condition="'$(Config)'=='Debug' or '$(Cfg_1)'!=''">
        <Cfg_1>true</Cfg_1>
        <CfgParent>Base</CfgParent>
        <Base>true</Base>
    </PropertyGroup>
    <PropertyGroup Condition="('$(Platform)'=='Win32' and '$(Cfg_1)'=='true') or '$(Cfg_1_Win32)'!=''">
        <Cfg_1_Win32>true</Cfg_1_Win32>
        <CfgParent>Cfg_1</CfgParent>
        <Cfg_1>true</Cfg_1>
        <Base>true</Base>
    </PropertyGroup>
    <PropertyGroup Condition="'$(Config)'=='Release' or '$(Cfg_2)'!=''">
        <Cfg_2>true</Cfg_2>
        <CfgParent>Base</CfgParent>
        <Base>true</Base>
    </PropertyGroup>
    <PropertyGroup Condition="'$(Base)'!=''">
        <DCC_DcuOutput>.\$(Platform)\$(Config)</DCC_DcuOutput>
        <DCC_ExeOutput>.\$(Platform)\$(Config)</DCC_ExeOutput>
        <DCC_E>false</DCC_E>
        <DCC_N>false</DCC_N>
        <DCC_S>false</DCC_S>
        <DCC_F>false</DCC_F>
        <DCC_K>false</DCC_K>
        <DCC_UsePackage>RESTComponents;emsclientfiredac;FireDACIBDriver;emsclient;FireDACCommon;RESTBackendComponents;soapserver;CloudService;FireDACCommonDriver;inet;FireDAC;FireDACSqliteDriver;soaprtl;soapmidas;$(DCC_UsePackage)</DCC_UsePackage>
        <DCC_Namespace>System;Xml;Data;Datasnap;Web;Soap;Vcl;Vcl.Imaging;Vcl.Touch;Vcl.Samples;Vcl.Shell;$(DCC_Namespace)</DCC_Namespace>
        <PostBuildEvent><![CDATA[if exist "$(BDS)\ObjRepos\en\dsrest\dsPostBuild.bat" ( call "$(BDS)\ObjRepos\en\dsrest\dsPostBuild.bat" "$(PROJECTDIR)" "$(OUTPUTDIR)" )
$(PostBuildEvent)]]></PostBuildEvent>
        <Icon_MainIcon>$(BDS)\bin\delphi_PROJECTICON.ico</Icon_MainIcon>
        <Icns_MainIcns>$(BDS)\bin\delphi_PROJECTICNS.icns</Icns_MainIcns>
        <SanitizedProjectName>dsemployee</SanitizedProjectName>
    </PropertyGroup>
    <PropertyGroup Condition="'$(Base_Linux64)'!=''">
        <DCC_UsePackage>FireDACADSDriver;DatasnapConnectorsFreePascal;FireDACMSSQLDriver;inetdb;emsedge;IndyCore;dsnap;DataSnapCommon;DataSnapConnectors;bindengine;FireDACOracleDriver;FireDACMySQLDriver;FireDACCommonODBC;DataSnapClient;IndySystem;FireDACDb2Driver;FireDACInfxDriver;emshosting;FireDACPgDriver;FireDACASADriver;FireDACTDataDriver;DbxCommonDriver;DataSnapServer;xmlrtl;DataSnapNativeClient;rtl;DbxClientDriver;CustomIPTransport;bindcomp;FireDACODBCDriver;DataSnapIndy10ServerTransport;dsnapxml;dbrtl;IndyProtocols;FireDACMongoDBDriver;DataSnapServerMidas;$(DCC_UsePackage)</DCC_UsePackage>
    </PropertyGroup>
    <PropertyGroup Condition="'$(Base_Win32)'!=''">
        <DCC_UsePackage>DBXSqliteDriver;fmxase;DBXDb2Driver;DBXInterBaseDriver;vclactnband;vclFireDAC;tethering;svnui;DataSnapFireDAC;FireDACADSDriver;DBXMSSQLDriver;DatasnapConnectorsFreePascal;FireDACMSSQLDriver;vcltouch;vcldb;bindcompfmx;svn;Intraweb;DBXOracleDriver;inetdb;RaizeComponentsVcl;FmxTeeUI;emsedge;RaizeComponentsVclDb;fmx;fmxdae;RadiantShapesFmx;vclib;FireDACDBXDriver;dbexpress;IndyCore;vclx;dsnap;DataSnapCommon;DataSnapConnectors;VCLRESTComponents;vclie;bindengine;DBXMySQLDriver;FireDACOracleDriver;FireDACMySQLDriver;DBXFirebirdDriver;FireDACCommonODBC;DataSnapClient;IndyIPCommon;bindcompdbx;vcl;IndyIPServer;DBXSybaseASEDriver;IndySystem;FireDACDb2Driver;dsnapcon;FireDACMSAccDriver;fmxFireDAC;FireDACInfxDriver;vclimg;TeeDB;emshosting;FireDACPgDriver;ibmonitor;FireDACASADriver;DBXOdbcDriver;FireDACTDataDriver;FMXTee;DbxCommonDriver;ibxpress;Tee;DataSnapServer;xmlrtl;DataSnapNativeClient;fmxobj;vclwinx;FireDACDSDriver;rtl;ibxbindings;DbxClientDriver;DBXSybaseASADriver;CustomIPTransport;vcldsnap;bindcomp;appanalytics;DBXInformixDriver;IndyIPClient;bindcompvcl;TeeUI;ListViewMegaApproved;dbxcds;VclSmp;adortl;FireDACODBCDriver;RadiantShapesFmx_Design;DataSnapIndy10ServerTransport;dsnapxml;DataSnapProviderClient;dbrtl;IndyProtocols;inetdbxpress;FireDACMongoDBDriver;PowerPDFDR;DataSnapServerMidas;$(DCC_UsePackage)</DCC_UsePackage>
        <DCC_Namespace>Winapi;System.Win;Data.Win;Datasnap.Win;Web.Win;Soap.Win;Xml.Win;Bde;$(DCC_Namespace)</DCC_Namespace>
        <BT_BuildType>Debug</BT_BuildType>
        <VerInfo_Keys>CompanyName=;FileDescription=$(MSBuildProjectName);FileVersion=1.0.0.0;InternalName=;LegalCopyright=;LegalTrademarks=;OriginalFilename=;ProgramID=com.embarcadero.$(MSBuildProjectName);ProductName=$(MSBuildProjectName);ProductVersion=1.0.0.0;Comments=</VerInfo_Keys>
        <VerInfo_Locale>1033</VerInfo_Locale>
    </PropertyGroup>
    <PropertyGroup Condition="'$(Base_Win64)'!=''">
        <DCC_UsePackage>DBXSqliteDriver;fmxase;DBXDb2Driver;DBXInterBaseDriver;vclactnband;vclFireDAC;tethering;DataSnapFireDAC;FireDACADSDriver;DBXMSSQLDriver;DatasnapConnectorsFreePascal;FireDACMSSQLDriver;vcltouch;vcldb;bindcompfmx;Intraweb;DBXOracleDriver;inetdb;RaizeComponentsVcl;FmxTeeUI;emsedge;RaizeComponentsVclDb;fmx;fmxdae;RadiantShapesFmx;vclib;FireDACDBXDriver;dbexpress;IndyCore;vclx;dsnap;DataSnapCommon;DataSnapConnectors;VCLRESTComponents;vclie;bindengine;DBXMySQLDriver;FireDACOracleDriver;FireDACMySQLDriver;DBXFirebirdDriver;FireDACCommonODBC;DataSnapClient;IndyIPCommon;bindcompdbx;vcl;IndyIPServer;DBXSybaseASEDriver;IndySystem;FireDACDb2Driver;dsnapcon;FireDACMSAccDriver;fmxFireDAC;FireDACInfxDriver;vclimg;TeeDB;emshosting;FireDACPgDriver;ibmonitor;FireDACASADriver;DBXOdbcDriver;FireDACTDataDriver;FMXTee;DbxCommonDriver;ibxpress;Tee;DataSnapServer;xmlrtl;DataSnapNativeClient;fmxobj;vclwinx;FireDACDSDriver;rtl;ibxbindings;DbxClientDriver;DBXSybaseASADriver;CustomIPTransport;vcldsnap;bindcomp;appanalytics;DBXInformixDriver;IndyIPClient;bindcompvcl;TeeUI;dbxcds;VclSmp;adortl;FireDACODBCDriver;DataSnapIndy10ServerTransport;dsnapxml;DataSnapProviderClient;dbrtl;IndyProtocols;inetdbxpress;FireDACMongoDBDriver;PowerPDFDR;DataSnapServerMidas;$(DCC_UsePackage)</DCC_UsePackage>
    </PropertyGroup>
    <PropertyGroup Condition="'$(Cfg_1)'!=''">
        <DCC_Define>DEBUG;$(DCC_Define)</DCC_Define>
        <DCC_DebugDCUs>true</DCC_DebugDCUs>
        <DCC_Optimize>false</DCC_Optimize>
        <DCC_GenerateStackFrames>true</DCC_GenerateStackFrames>
        <DCC_DebugInfoInExe>true</DCC_DebugInfoInExe>
        <DCC_RemoteDebug>true</DCC_RemoteDebug>
    </PropertyGroup>
    <PropertyGroup Condition="'$(Cfg_1_Win32)'!=''">
        <DCC_RemoteDebug>false</DCC_RemoteDebug>
    </PropertyGroup>
    <PropertyGroup Condition="'$(Cfg_2)'!=''">
        <DCC_LocalDebugSymbols>false</DCC_LocalDebugSymbols>
        <DCC_Define>RELEASE;$(DCC_Define)</DCC_Define>
        <DCC_SymbolReferenceInfo>0</DCC_SymbolReferenceInfo>
        <DCC_DebugInformation>0</DCC_DebugInformation>
    </PropertyGroup>
    <ItemGroup>
        <DelphiCompile Include="$(MainSource)">
            <MainSource>MainSource</MainSource>
        </DelphiCompile>
        <DCCReference Include="ServerContainerUnit1.pas">
            <Form>ServerContainer1</Form>
            <FormType>dfm</FormType>
            <DesignClass>TDataModule</DesignClass>
        </DCCReference>
        <DCCReference Include="WebModuleUnit1.pas">
            <Form>WebModule1</Form>
            <FormType>dfm</FormType>
            <DesignClass>TWebModule</DesignClass>
        </DCCReference>
        <DCCReference Include="ServerConst1.pas"/>
        <DCCReference Include="uEmployeeServer.pas">
            <Form>DSEmployeeServer</Form>
            <FormType>dfm</FormType>
            <DesignClass>TDataModule</DesignClass>
        </DCCReference>
        <DCCReference Include="Lib\DataSetConverter4D.Helper.pas"/>
        <DCCReference Include="Lib\DataSetConverter4D.Impl.pas"/>
        <DCCReference Include="Lib\DataSetConverter4D.pas"/>
        <DCCReference Include="Lib\DataSetConverter4D.Util.pas"/>
        <None Include="js\base64.js"/>
        <None Include="js\serverfunctionexecutor.js"/>
        <None Include="js\json2.js"/>
        <None Include="js\callbackframework.js"/>
        <None Include="js\serverfunctions.js"/>
        <None Include="js\base64-min.js"/>
        <None Include="js\json2-min.js"/>
        <None Include="js\serverfunctionexecutor-min.js"/>
        <None Include="js\callbackframework-min.js"/>
        <None Include="js\connection.js"/>
        <None Include="js\serverfunctioninvoker.js"/>
        <None Include="css\main.css"/>
        <None Include="css\serverfunctioninvoker.css"/>
        <None Include="templates\reversestring.html"/>
        <None Include="templates\serverfunctioninvoker.html"/>
        <RcItem Include="images\collapse.png">
            <ResourceType>RCDATA</ResourceType>
            <ResourceId>PngImage_1</ResourceId>
        </RcItem>
        <RcItem Include="images\expand.png">
            <ResourceType>RCDATA</ResourceType>
            <ResourceId>PngImage_2</ResourceId>
        </RcItem>
        <BuildConfiguration Include="Release">
            <Key>Cfg_2</Key>
            <CfgParent>Base</CfgParent>
        </BuildConfiguration>
        <BuildConfiguration Include="Base">
            <Key>Base</Key>
        </BuildConfiguration>
        <BuildConfiguration Include="Debug">
            <Key>Cfg_1</Key>
            <CfgParent>Base</CfgParent>
        </BuildConfiguration>
    </ItemGroup>
    <ProjectExtensions>
        <Borland.Personality>Delphi.Personality.12</Borland.Personality>
        <Borland.ProjectType>Console</Borland.ProjectType>
        <BorlandProject>
            <Delphi.Personality>
                <Source>
                    <Source Name="MainSource">dsemployee.dpr</Source>
                </Source>
            </Delphi.Personality>
            <Deployment Version="3">
                <DeployFile LocalName="images\collapse.png" Configuration="Debug" Class="ProjectFile">
                    <Platform Name="Win64">
                        <RemoteDir>.\images\</RemoteDir>
                        <RemoteName>collapse.png</RemoteName>
                        <Overwrite>true</Overwrite>
                    </Platform>
                </DeployFile>
                <DeployFile LocalName="js\serverfunctionexecutor-min.js" Configuration="Release" Class="ProjectFile">
                    <Platform Name="Linux64">
                        <RemoteDir>.\js\</RemoteDir>
                        <RemoteName>serverfunctionexecutor-min.js</RemoteName>
                        <Overwrite>true</Overwrite>
                    </Platform>
                </DeployFile>
                <DeployFile LocalName="js\serverfunctioninvoker.js" Configuration="Debug" Class="ProjectFile">
                    <Platform Name="Win64">
                        <RemoteDir>.\js\</RemoteDir>
                        <RemoteName>serverfunctioninvoker.js</RemoteName>
                        <Overwrite>true</Overwrite>
                    </Platform>
                </DeployFile>
                <DeployFile LocalName="templates\reversestring.html" Configuration="Release" Class="ProjectFile">
                    <Platform Name="Win32">
                        <RemoteDir>.\templates\</RemoteDir>
                        <RemoteName>reversestring.html</RemoteName>
                        <Overwrite>true</Overwrite>
                    </Platform>
                </DeployFile>
                <DeployFile LocalName="Win32\Debug\dsemployee.exe" Configuration="Debug" Class="ProjectOutput">
                    <Platform Name="Win32">
                        <RemoteName>dsemployee.exe</RemoteName>
                        <Overwrite>true</Overwrite>
                    </Platform>
                </DeployFile>
                <DeployFile LocalName="js\json2-min.js" Configuration="Debug" Class="ProjectFile">
                    <Platform Name="Win32">
                        <RemoteDir>.\js\</RemoteDir>
                        <Overwrite>true</Overwrite>
                    </Platform>
                </DeployFile>
                <DeployFile LocalName="templates\reversestring.html" Configuration="Debug" Class="ProjectFile">
                    <Platform Name="Win32">
                        <RemoteDir>.\templates\</RemoteDir>
                        <Overwrite>true</Overwrite>
                    </Platform>
                </DeployFile>
                <DeployFile LocalName="js\callbackframework-min.js" Configuration="Debug" Class="ProjectFile">
                    <Platform Name="Win64">
                        <RemoteDir>.\js\</RemoteDir>
                        <RemoteName>callbackframework-min.js</RemoteName>
                        <Overwrite>true</Overwrite>
                    </Platform>
                </DeployFile>
                <DeployFile LocalName="js\json2-min.js" Configuration="Release" Class="ProjectFile">
                    <Platform Name="Linux64">
                        <RemoteDir>.\js\</RemoteDir>
                        <RemoteName>json2-min.js</RemoteName>
                        <Overwrite>true</Overwrite>
                    </Platform>
                </DeployFile>
                <DeployFile LocalName="js\base64.js" Configuration="Debug" Class="ProjectFile">
                    <Platform Name="Linux64">
                        <RemoteDir>.\js\</RemoteDir>
                        <RemoteName>base64.js</RemoteName>
                        <Overwrite>true</Overwrite>
                    </Platform>
                </DeployFile>
                <DeployFile LocalName="js\json2-min.js" Configuration="Release" Class="ProjectFile">
                    <Platform Name="Win32">
                        <RemoteDir>.\js\</RemoteDir>
                        <RemoteName>json2-min.js</RemoteName>
                        <Overwrite>true</Overwrite>
                    </Platform>
                </DeployFile>
                <DeployFile LocalName="js\serverfunctioninvoker.js" Configuration="Debug" Class="ProjectFile">
                    <Platform Name="Linux64">
                        <RemoteDir>.\js\</RemoteDir>
                        <RemoteName>serverfunctioninvoker.js</RemoteName>
                        <Overwrite>true</Overwrite>
                    </Platform>
                </DeployFile>
                <DeployFile LocalName="js\connection.js" Configuration="Release" Class="ProjectFile">
                    <Platform Name="Win64">
                        <RemoteDir>.\js\</RemoteDir>
                        <RemoteName>connection.js</RemoteName>
                        <Overwrite>true</Overwrite>
                    </Platform>
                </DeployFile>
                <DeployFile LocalName="js\serverfunctionexecutor.js" Configuration="Debug" Class="ProjectFile">
                    <Platform Name="Win64">
                        <RemoteDir>.\js\</RemoteDir>
                        <RemoteName>serverfunctionexecutor.js</RemoteName>
                        <Overwrite>true</Overwrite>
                    </Platform>
                </DeployFile>
                <DeployFile LocalName="js\callbackframework-min.js" Configuration="Debug" Class="ProjectFile">
                    <Platform Name="Linux64">
                        <RemoteDir>.\js\</RemoteDir>
                        <RemoteName>callbackframework-min.js</RemoteName>
                        <Overwrite>true</Overwrite>
                    </Platform>
                </DeployFile>
                <DeployFile LocalName="css\main.css" Configuration="Debug" Class="ProjectFile">
                    <Platform Name="Linux64">
                        <RemoteDir>.\css\</RemoteDir>
                        <RemoteName>main.css</RemoteName>
                        <Overwrite>true</Overwrite>
                    </Platform>
                </DeployFile>
                <DeployFile LocalName="js\base64-min.js" Configuration="Debug" Class="ProjectFile">
                    <Platform Name="Win64">
                        <RemoteDir>.\js\</RemoteDir>
                        <RemoteName>base64-min.js</RemoteName>
                        <Overwrite>true</Overwrite>
                    </Platform>
                </DeployFile>
                <DeployFile LocalName="js\serverfunctionexecutor.js" Configuration="Release" Class="ProjectFile">
                    <Platform Name="Linux64">
                        <RemoteDir>.\js\</RemoteDir>
                        <RemoteName>serverfunctionexecutor.js</RemoteName>
                        <Overwrite>true</Overwrite>
                    </Platform>
                </DeployFile>
                <DeployFile LocalName="images\expand.png" Configuration="Debug" Class="ProjectFile">
                    <Platform Name="Linux64">
                        <RemoteDir>.\images\</RemoteDir>
                        <RemoteName>expand.png</RemoteName>
                        <Overwrite>true</Overwrite>
                    </Platform>
                </DeployFile>
                <DeployFile LocalName="js\json2.js" Configuration="Release" Class="ProjectFile">
                    <Platform Name="Linux64">
                        <RemoteDir>.\js\</RemoteDir>
                        <RemoteName>json2.js</RemoteName>
                        <Overwrite>true</Overwrite>
                    </Platform>
                </DeployFile>
                <DeployFile LocalName="js\base64-min.js" Configuration="Release" Class="ProjectFile">
                    <Platform Name="Win64">
                        <RemoteDir>.\js\</RemoteDir>
                        <RemoteName>base64-min.js</RemoteName>
                        <Overwrite>true</Overwrite>
                    </Platform>
                </DeployFile>
                <DeployFile LocalName="js\callbackframework.js" Configuration="Debug" Class="ProjectFile">
                    <Platform Name="Win64">
                        <RemoteDir>.\js\</RemoteDir>
                        <RemoteName>callbackframework.js</RemoteName>
                        <Overwrite>true</Overwrite>
                    </Platform>
                </DeployFile>
                <DeployFile LocalName="js\callbackframework-min.js" Configuration="Release" Class="ProjectFile">
                    <Platform Name="Win32">
                        <RemoteDir>.\js\</RemoteDir>
                        <RemoteName>callbackframework-min.js</RemoteName>
                        <Overwrite>true</Overwrite>
                    </Platform>
                </DeployFile>
                <DeployFile LocalName="css\serverfunctioninvoker.css" Configuration="Release" Class="ProjectFile">
                    <Platform Name="Linux64">
                        <RemoteDir>.\css\</RemoteDir>
                        <RemoteName>serverfunctioninvoker.css</RemoteName>
                        <Overwrite>true</Overwrite>
                    </Platform>
                </DeployFile>
                <DeployFile LocalName="js\serverfunctions.js" Configuration="Release" Class="ProjectFile">
                    <Platform Name="Linux64">
                        <RemoteDir>.\js\</RemoteDir>
                        <RemoteName>serverfunctions.js</RemoteName>
                        <Overwrite>true</Overwrite>
                    </Platform>
                </DeployFile>
                <DeployFile LocalName="css\main.css" Configuration="Debug" Class="ProjectFile">
                    <Platform Name="Win64">
                        <RemoteDir>.\css\</RemoteDir>
                        <RemoteName>main.css</RemoteName>
                        <Overwrite>true</Overwrite>
                    </Platform>
                </DeployFile>
                <DeployFile LocalName="js\callbackframework-min.js" Configuration="Release" Class="ProjectFile">
                    <Platform Name="Linux64">
                        <RemoteDir>.\js\</RemoteDir>
                        <RemoteName>callbackframework-min.js</RemoteName>
                        <Overwrite>true</Overwrite>
                    </Platform>
                </DeployFile>
                <DeployFile LocalName="images\expand.png" Configuration="Release" Class="ProjectFile">
                    <Platform Name="Win32">
                        <RemoteDir>.\images\</RemoteDir>
                        <RemoteName>expand.png</RemoteName>
                        <Overwrite>true</Overwrite>
                    </Platform>
                </DeployFile>
                <DeployFile LocalName="js\callbackframework-min.js" Configuration="Release" Class="ProjectFile">
                    <Platform Name="Win64">
                        <RemoteDir>.\js\</RemoteDir>
                        <RemoteName>callbackframework-min.js</RemoteName>
                        <Overwrite>true</Overwrite>
                    </Platform>
                </DeployFile>
                <DeployFile LocalName="js\base64-min.js" Configuration="Release" Class="ProjectFile">
                    <Platform Name="Win32">
                        <RemoteDir>.\js\</RemoteDir>
                        <RemoteName>base64-min.js</RemoteName>
                        <Overwrite>true</Overwrite>
                    </Platform>
                </DeployFile>
                <DeployFile LocalName="css\serverfunctioninvoker.css" Configuration="Release" Class="ProjectFile">
                    <Platform Name="Win64">
                        <RemoteDir>.\css\</RemoteDir>
                        <RemoteName>serverfunctioninvoker.css</RemoteName>
                        <Overwrite>true</Overwrite>
                    </Platform>
                </DeployFile>
                <DeployFile LocalName="images\collapse.png" Configuration="Debug" Class="ProjectFile">
                    <Platform Name="Win32">
                        <RemoteDir>.\images\</RemoteDir>
                        <Overwrite>true</Overwrite>
                    </Platform>
                </DeployFile>
                <DeployFile LocalName="js\callbackframework.js" Configuration="Debug" Class="ProjectFile">
                    <Platform Name="Win32">
                        <RemoteDir>.\js\</RemoteDir>
                        <Overwrite>true</Overwrite>
                    </Platform>
                </DeployFile>
                <DeployFile LocalName="js\serverfunctionexecutor-min.js" Configuration="Debug" Class="ProjectFile">
                    <Platform Name="Linux64">
                        <RemoteDir>.\js\</RemoteDir>
                        <RemoteName>serverfunctionexecutor-min.js</RemoteName>
                        <Overwrite>true</Overwrite>
                    </Platform>
                </DeployFile>
                <DeployFile LocalName="css\serverfunctioninvoker.css" Configuration="Debug" Class="ProjectFile">
                    <Platform Name="Linux64">
                        <RemoteDir>.\css\</RemoteDir>
                        <RemoteName>serverfunctioninvoker.css</RemoteName>
                        <Overwrite>true</Overwrite>
                    </Platform>
                </DeployFile>
                <DeployFile LocalName="js\serverfunctioninvoker.js" Configuration="Release" Class="ProjectFile">
                    <Platform Name="Win32">
                        <RemoteDir>.\js\</RemoteDir>
                        <RemoteName>serverfunctioninvoker.js</RemoteName>
                        <Overwrite>true</Overwrite>
                    </Platform>
                </DeployFile>
                <DeployFile LocalName="images\collapse.png" Configuration="Debug" Class="ProjectFile">
                    <Platform Name="Linux64">
                        <RemoteDir>.\images\</RemoteDir>
                        <RemoteName>collapse.png</RemoteName>
                        <Overwrite>true</Overwrite>
                    </Platform>
                </DeployFile>
                <DeployFile LocalName="js\serverfunctioninvoker.js" Configuration="Release" Class="ProjectFile">
                    <Platform Name="Win64">
                        <RemoteDir>.\js\</RemoteDir>
                        <RemoteName>serverfunctioninvoker.js</RemoteName>
                        <Overwrite>true</Overwrite>
                    </Platform>
                </DeployFile>
                <DeployFile LocalName="images\expand.png" Configuration="Release" Class="ProjectFile">
                    <Platform Name="Win64">
                        <RemoteDir>.\images\</RemoteDir>
                        <RemoteName>expand.png</RemoteName>
                        <Overwrite>true</Overwrite>
                    </Platform>
                </DeployFile>
                <DeployFile LocalName="js\json2.js" Configuration="Debug" Class="ProjectFile">
                    <Platform Name="Linux64">
                        <RemoteDir>.\js\</RemoteDir>
                        <RemoteName>json2.js</RemoteName>
                        <Overwrite>true</Overwrite>
                    </Platform>
                </DeployFile>
                <DeployFile LocalName="css\serverfunctioninvoker.css" Configuration="Release" Class="ProjectFile">
                    <Platform Name="Win32">
                        <RemoteDir>.\css\</RemoteDir>
                        <RemoteName>serverfunctioninvoker.css</RemoteName>
                        <Overwrite>true</Overwrite>
                    </Platform>
                </DeployFile>
                <DeployFile LocalName="js\serverfunctionexecutor-min.js" Configuration="Release" Class="ProjectFile">
                    <Platform Name="Win64">
                        <RemoteDir>.\js\</RemoteDir>
                        <RemoteName>serverfunctionexecutor-min.js</RemoteName>
                        <Overwrite>true</Overwrite>
                    </Platform>
                </DeployFile>
                <DeployFile LocalName="js\json2-min.js" Configuration="Debug" Class="ProjectFile">
                    <Platform Name="Linux64">
                        <RemoteDir>.\js\</RemoteDir>
                        <RemoteName>json2-min.js</RemoteName>
                        <Overwrite>true</Overwrite>
                    </Platform>
                </DeployFile>
                <DeployFile LocalName="images\collapse.png" Configuration="Release" Class="ProjectFile">
                    <Platform Name="Linux64">
                        <RemoteDir>.\images\</RemoteDir>
                        <RemoteName>collapse.png</RemoteName>
                        <Overwrite>true</Overwrite>
                    </Platform>
                </DeployFile>
                <DeployFile LocalName="js\serverfunctionexecutor-min.js" Configuration="Debug" Class="ProjectFile">
                    <Platform Name="Win64">
                        <RemoteDir>.\js\</RemoteDir>
                        <RemoteName>serverfunctionexecutor-min.js</RemoteName>
                        <Overwrite>true</Overwrite>
                    </Platform>
                </DeployFile>
                <DeployFile LocalName="js\connection.js" Configuration="Debug" Class="ProjectFile">
                    <Platform Name="Win64">
                        <RemoteDir>.\js\</RemoteDir>
                        <RemoteName>connection.js</RemoteName>
                        <Overwrite>true</Overwrite>
                    </Platform>
                </DeployFile>
                <DeployFile LocalName="js\serverfunctions.js" Configuration="Debug" Class="ProjectFile">
                    <Platform Name="Win64">
                        <RemoteDir>.\js\</RemoteDir>
                        <RemoteName>serverfunctions.js</RemoteName>
                        <Overwrite>true</Overwrite>
                    </Platform>
                </DeployFile>
                <DeployFile LocalName="js\serverfunctions.js" Configuration="Debug" Class="ProjectFile">
                    <Platform Name="Win32">
                        <RemoteDir>.\js\</RemoteDir>
                        <Overwrite>true</Overwrite>
                    </Platform>
                </DeployFile>
                <DeployFile LocalName="templates\serverfunctioninvoker.html" Configuration="Release" Class="ProjectFile">
                    <Platform Name="Linux64">
                        <RemoteDir>.\templates\</RemoteDir>
                        <RemoteName>serverfunctioninvoker.html</RemoteName>
                        <Overwrite>true</Overwrite>
                    </Platform>
                </DeployFile>
                <DeployFile LocalName="js\connection.js" Configuration="Debug" Class="ProjectFile">
                    <Platform Name="Win32">
                        <RemoteDir>.\js\</RemoteDir>
                        <Overwrite>true</Overwrite>
                    </Platform>
                </DeployFile>
                <DeployFile LocalName="images\collapse.png" Configuration="Release" Class="ProjectFile">
                    <Platform Name="Win64">
                        <RemoteDir>.\images\</RemoteDir>
                        <RemoteName>collapse.png</RemoteName>
                        <Overwrite>true</Overwrite>
                    </Platform>
                </DeployFile>
                <DeployFile LocalName="js\serverfunctioninvoker.js" Configuration="Release" Class="ProjectFile">
                    <Platform Name="Linux64">
                        <RemoteDir>.\js\</RemoteDir>
                        <RemoteName>serverfunctioninvoker.js</RemoteName>
                        <Overwrite>true</Overwrite>
                    </Platform>
                </DeployFile>
                <DeployFile LocalName="js\json2.js" Configuration="Release" Class="ProjectFile">
                    <Platform Name="Win64">
                        <RemoteDir>.\js\</RemoteDir>
                        <RemoteName>json2.js</RemoteName>
                        <Overwrite>true</Overwrite>
                    </Platform>
                </DeployFile>
                <DeployFile LocalName="js\callbackframework.js" Configuration="Release" Class="ProjectFile">
                    <Platform Name="Linux64">
                        <RemoteDir>.\js\</RemoteDir>
                        <RemoteName>callbackframework.js</RemoteName>
                        <Overwrite>true</Overwrite>
                    </Platform>
                </DeployFile>
                <DeployFile LocalName="js\callbackframework.js" Configuration="Debug" Class="ProjectFile">
                    <Platform Name="Linux64">
                        <RemoteDir>.\js\</RemoteDir>
                        <RemoteName>callbackframework.js</RemoteName>
                        <Overwrite>true</Overwrite>
                    </Platform>
                </DeployFile>
                <DeployFile LocalName="templates\reversestring.html" Configuration="Debug" Class="ProjectFile">
                    <Platform Name="Win64">
                        <RemoteDir>.\templates\</RemoteDir>
                        <RemoteName>reversestring.html</RemoteName>
                        <Overwrite>true</Overwrite>
                    </Platform>
                </DeployFile>
                <DeployFile LocalName="css\main.css" Configuration="Debug" Class="ProjectFile">
                    <Platform Name="Win32">
                        <RemoteDir>.\css\</RemoteDir>
                        <Overwrite>true</Overwrite>
                    </Platform>
                </DeployFile>
                <DeployFile LocalName="templates\serverfunctioninvoker.html" Configuration="Debug" Class="ProjectFile">
                    <Platform Name="Win32">
                        <RemoteDir>.\templates\</RemoteDir>
                        <Overwrite>true</Overwrite>
                    </Platform>
                </DeployFile>
                <DeployFile LocalName="js\connection.js" Configuration="Release" Class="ProjectFile">
                    <Platform Name="Linux64">
                        <RemoteDir>.\js\</RemoteDir>
                        <RemoteName>connection.js</RemoteName>
                        <Overwrite>true</Overwrite>
                    </Platform>
                </DeployFile>
                <DeployFile LocalName="css\main.css" Configuration="Release" Class="ProjectFile">
                    <Platform Name="Win64">
                        <RemoteDir>.\css\</RemoteDir>
                        <RemoteName>main.css</RemoteName>
                        <Overwrite>true</Overwrite>
                    </Platform>
                </DeployFile>
                <DeployFile LocalName="js\base64-min.js" Configuration="Debug" Class="ProjectFile">
                    <Platform Name="Linux64">
                        <RemoteDir>.\js\</RemoteDir>
                        <RemoteName>base64-min.js</RemoteName>
                        <Overwrite>true</Overwrite>
                    </Platform>
                </DeployFile>
                <DeployFile LocalName="js\serverfunctioninvoker.js" Configuration="Debug" Class="ProjectFile">
                    <Platform Name="Win32">
                        <RemoteDir>.\js\</RemoteDir>
                        <Overwrite>true</Overwrite>
                    </Platform>
                </DeployFile>
                <DeployFile LocalName="images\expand.png" Configuration="Debug" Class="ProjectFile">
                    <Platform Name="Win64">
                        <RemoteDir>.\images\</RemoteDir>
                        <RemoteName>expand.png</RemoteName>
                        <Overwrite>true</Overwrite>
                    </Platform>
                </DeployFile>
                <DeployFile LocalName="js\json2.js" Configuration="Debug" Class="ProjectFile">
                    <Platform Name="Win64">
                        <RemoteDir>.\js\</RemoteDir>
                        <RemoteName>json2.js</RemoteName>
                        <Overwrite>true</Overwrite>
                    </Platform>
                </DeployFile>
                <DeployFile LocalName="js\serverfunctionexecutor.js" Configuration="Release" Class="ProjectFile">
                    <Platform Name="Win32">
                        <RemoteDir>.\js\</RemoteDir>
                        <RemoteName>serverfunctionexecutor.js</RemoteName>
                        <Overwrite>true</Overwrite>
                    </Platform>
                </DeployFile>
                <DeployFile LocalName="templates\reversestring.html" Configuration="Release" Class="ProjectFile">
                    <Platform Name="Linux64">
                        <RemoteDir>.\templates\</RemoteDir>
                        <RemoteName>reversestring.html</RemoteName>
                        <Overwrite>true</Overwrite>
                    </Platform>
                </DeployFile>
                <DeployFile LocalName="js\json2.js" Configuration="Debug" Class="ProjectFile">
                    <Platform Name="Win32">
                        <RemoteDir>.\js\</RemoteDir>
                        <Overwrite>true</Overwrite>
                    </Platform>
                </DeployFile>
                <DeployFile LocalName="js\serverfunctionexecutor-min.js" Configuration="Release" Class="ProjectFile">
                    <Platform Name="Win32">
                        <RemoteDir>.\js\</RemoteDir>
                        <RemoteName>serverfunctionexecutor-min.js</RemoteName>
                        <Overwrite>true</Overwrite>
                    </Platform>
                </DeployFile>
                <DeployFile LocalName="js\json2.js" Configuration="Release" Class="ProjectFile">
                    <Platform Name="Win32">
                        <RemoteDir>.\js\</RemoteDir>
                        <RemoteName>json2.js</RemoteName>
                        <Overwrite>true</Overwrite>
                    </Platform>
                </DeployFile>
                <DeployFile LocalName="js\serverfunctionexecutor.js" Configuration="Debug" Class="ProjectFile">
                    <Platform Name="Linux64">
                        <RemoteDir>.\js\</RemoteDir>
                        <RemoteName>serverfunctionexecutor.js</RemoteName>
                        <Overwrite>true</Overwrite>
                    </Platform>
                </DeployFile>
                <DeployFile LocalName="js\serverfunctionexecutor.js" Configuration="Debug" Class="ProjectFile">
                    <Platform Name="Win32">
                        <RemoteDir>.\js\</RemoteDir>
                        <Overwrite>true</Overwrite>
                    </Platform>
                </DeployFile>
                <DeployFile LocalName="templates\serverfunctioninvoker.html" Configuration="Debug" Class="ProjectFile">
                    <Platform Name="Win64">
                        <RemoteDir>.\templates\</RemoteDir>
                        <RemoteName>serverfunctioninvoker.html</RemoteName>
                        <Overwrite>true</Overwrite>
                    </Platform>
                </DeployFile>
                <DeployFile LocalName="js\base64.js" Configuration="Release" Class="ProjectFile">
                    <Platform Name="Win64">
                        <RemoteDir>.\js\</RemoteDir>
                        <RemoteName>base64.js</RemoteName>
                        <Overwrite>true</Overwrite>
                    </Platform>
                </DeployFile>
                <DeployFile LocalName="images\expand.png" Configuration="Debug" Class="ProjectFile">
                    <Platform Name="Win32">
                        <RemoteDir>.\images\</RemoteDir>
                        <Overwrite>true</Overwrite>
                    </Platform>
                </DeployFile>
                <DeployFile LocalName="js\serverfunctionexecutor.js" Configuration="Release" Class="ProjectFile">
                    <Platform Name="Win64">
                        <RemoteDir>.\js\</RemoteDir>
                        <RemoteName>serverfunctionexecutor.js</RemoteName>
                        <Overwrite>true</Overwrite>
                    </Platform>
                </DeployFile>
                <DeployFile LocalName="js\connection.js" Configuration="Release" Class="ProjectFile">
                    <Platform Name="Win32">
                        <RemoteDir>.\js\</RemoteDir>
                        <RemoteName>connection.js</RemoteName>
                        <Overwrite>true</Overwrite>
                    </Platform>
                </DeployFile>
                <DeployFile LocalName="js\serverfunctions.js" Configuration="Debug" Class="ProjectFile">
                    <Platform Name="Linux64">
                        <RemoteDir>.\js\</RemoteDir>
                        <RemoteName>serverfunctions.js</RemoteName>
                        <Overwrite>true</Overwrite>
                    </Platform>
                </DeployFile>
                <DeployFile LocalName="js\connection.js" Configuration="Debug" Class="ProjectFile">
                    <Platform Name="Linux64">
                        <RemoteDir>.\js\</RemoteDir>
                        <RemoteName>connection.js</RemoteName>
                        <Overwrite>true</Overwrite>
                    </Platform>
                </DeployFile>
                <DeployFile LocalName="templates\serverfunctioninvoker.html" Configuration="Debug" Class="ProjectFile">
                    <Platform Name="Linux64">
                        <RemoteDir>.\templates\</RemoteDir>
                        <RemoteName>serverfunctioninvoker.html</RemoteName>
                        <Overwrite>true</Overwrite>
                    </Platform>
                </DeployFile>
                <DeployFile LocalName="js\serverfunctions.js" Configuration="Release" Class="ProjectFile">
                    <Platform Name="Win64">
                        <RemoteDir>.\js\</RemoteDir>
                        <RemoteName>serverfunctions.js</RemoteName>
                        <Overwrite>true</Overwrite>
                    </Platform>
                </DeployFile>
                <DeployFile LocalName="js\base64.js" Configuration="Release" Class="ProjectFile">
                    <Platform Name="Linux64">
                        <RemoteDir>.\js\</RemoteDir>
                        <RemoteName>base64.js</RemoteName>
                        <Overwrite>true</Overwrite>
                    </Platform>
                </DeployFile>
                <DeployFile LocalName="js\serverfunctions.js" Configuration="Release" Class="ProjectFile">
                    <Platform Name="Win32">
                        <RemoteDir>.\js\</RemoteDir>
                        <RemoteName>serverfunctions.js</RemoteName>
                        <Overwrite>true</Overwrite>
                    </Platform>
                </DeployFile>
                <DeployFile LocalName="templates\serverfunctioninvoker.html" Configuration="Release" Class="ProjectFile">
                    <Platform Name="Win64">
                        <RemoteDir>.\templates\</RemoteDir>
                        <RemoteName>serverfunctioninvoker.html</RemoteName>
                        <Overwrite>true</Overwrite>
                    </Platform>
                </DeployFile>
                <DeployFile LocalName="css\main.css" Configuration="Release" Class="ProjectFile">
                    <Platform Name="Linux64">
                        <RemoteDir>.\css\</RemoteDir>
                        <RemoteName>main.css</RemoteName>
                        <Overwrite>true</Overwrite>
                    </Platform>
                </DeployFile>
                <DeployFile LocalName="js\callbackframework.js" Configuration="Release" Class="ProjectFile">
                    <Platform Name="Win32">
                        <RemoteDir>.\js\</RemoteDir>
                        <RemoteName>callbackframework.js</RemoteName>
                        <Overwrite>true</Overwrite>
                    </Platform>
                </DeployFile>
                <DeployFile LocalName="js\base64.js" Configuration="Release" Class="ProjectFile">
                    <Platform Name="Win32">
                        <RemoteDir>.\js\</RemoteDir>
                        <RemoteName>base64.js</RemoteName>
                        <Overwrite>true</Overwrite>
                    </Platform>
                </DeployFile>
                <DeployFile LocalName="css\serverfunctioninvoker.css" Configuration="Debug" Class="ProjectFile">
                    <Platform Name="Win64">
                        <RemoteDir>.\css\</RemoteDir>
                        <RemoteName>serverfunctioninvoker.css</RemoteName>
                        <Overwrite>true</Overwrite>
                    </Platform>
                </DeployFile>
                <DeployFile LocalName="templates\reversestring.html" Configuration="Debug" Class="ProjectFile">
                    <Platform Name="Linux64">
                        <RemoteDir>.\templates\</RemoteDir>
                        <RemoteName>reversestring.html</RemoteName>
                        <Overwrite>true</Overwrite>
                    </Platform>
                </DeployFile>
                <DeployFile LocalName="Linux64\Debug\dsemployee" Configuration="Debug" Class="ProjectOutput">
                    <Platform Name="Linux64">
                        <RemoteName>dsemployee</RemoteName>
                        <Overwrite>true</Overwrite>
                    </Platform>
                </DeployFile>
                <DeployFile LocalName="js\json2-min.js" Configuration="Release" Class="ProjectFile">
                    <Platform Name="Win64">
                        <RemoteDir>.\js\</RemoteDir>
                        <RemoteName>json2-min.js</RemoteName>
                        <Overwrite>true</Overwrite>
                    </Platform>
                </DeployFile>
                <DeployFile LocalName="js\base64-min.js" Configuration="Debug" Class="ProjectFile">
                    <Platform Name="Win32">
                        <RemoteDir>.\js\</RemoteDir>
                        <Overwrite>true</Overwrite>
                    </Platform>
                </DeployFile>
                <DeployFile LocalName="js\json2-min.js" Configuration="Debug" Class="ProjectFile">
                    <Platform Name="Win64">
                        <RemoteDir>.\js\</RemoteDir>
                        <RemoteName>json2-min.js</RemoteName>
                        <Overwrite>true</Overwrite>
                    </Platform>
                </DeployFile>
                <DeployFile LocalName="js\base64-min.js" Configuration="Release" Class="ProjectFile">
                    <Platform Name="Linux64">
                        <RemoteDir>.\js\</RemoteDir>
                        <RemoteName>base64-min.js</RemoteName>
                        <Overwrite>true</Overwrite>
                    </Platform>
                </DeployFile>
                <DeployFile LocalName="templates\reversestring.html" Configuration="Release" Class="ProjectFile">
                    <Platform Name="Win64">
                        <RemoteDir>.\templates\</RemoteDir>
                        <RemoteName>reversestring.html</RemoteName>
                        <Overwrite>true</Overwrite>
                    </Platform>
                </DeployFile>
                <DeployFile LocalName="js\callbackframework.js" Configuration="Release" Class="ProjectFile">
                    <Platform Name="Win64">
                        <RemoteDir>.\js\</RemoteDir>
                        <RemoteName>callbackframework.js</RemoteName>
                        <Overwrite>true</Overwrite>
                    </Platform>
                </DeployFile>
                <DeployFile LocalName="Linux64\Release\dsemployee" Configuration="Release" Class="ProjectOutput">
                    <Platform Name="Linux64">
                        <RemoteName>dsemployee</RemoteName>
                        <Overwrite>true</Overwrite>
                    </Platform>
                </DeployFile>
                <DeployFile LocalName="css\main.css" Configuration="Release" Class="ProjectFile">
                    <Platform Name="Win32">
                        <RemoteDir>.\css\</RemoteDir>
                        <RemoteName>main.css</RemoteName>
                        <Overwrite>true</Overwrite>
                    </Platform>
                </DeployFile>
                <DeployFile LocalName="images\expand.png" Configuration="Release" Class="ProjectFile">
                    <Platform Name="Linux64">
                        <RemoteDir>.\images\</RemoteDir>
                        <RemoteName>expand.png</RemoteName>
                        <Overwrite>true</Overwrite>
                    </Platform>
                </DeployFile>
                <DeployFile LocalName="css\serverfunctioninvoker.css" Configuration="Debug" Class="ProjectFile">
                    <Platform Name="Win32">
                        <RemoteDir>.\css\</RemoteDir>
                        <Overwrite>true</Overwrite>
                    </Platform>
                </DeployFile>
                <DeployFile LocalName="images\collapse.png" Configuration="Release" Class="ProjectFile">
                    <Platform Name="Win32">
                        <RemoteDir>.\images\</RemoteDir>
                        <RemoteName>collapse.png</RemoteName>
                        <Overwrite>true</Overwrite>
                    </Platform>
                </DeployFile>
                <DeployFile LocalName="js\serverfunctionexecutor-min.js" Configuration="Debug" Class="ProjectFile">
                    <Platform Name="Win32">
                        <RemoteDir>.\js\</RemoteDir>
                        <Overwrite>true</Overwrite>
                    </Platform>
                </DeployFile>
                <DeployFile LocalName="js\callbackframework-min.js" Configuration="Debug" Class="ProjectFile">
                    <Platform Name="Win32">
                        <RemoteDir>.\js\</RemoteDir>
                        <Overwrite>true</Overwrite>
                    </Platform>
                </DeployFile>
                <DeployFile LocalName="templates\serverfunctioninvoker.html" Configuration="Release" Class="ProjectFile">
                    <Platform Name="Win32">
                        <RemoteDir>.\templates\</RemoteDir>
                        <RemoteName>serverfunctioninvoker.html</RemoteName>
                        <Overwrite>true</Overwrite>
                    </Platform>
                </DeployFile>
                <DeployFile LocalName="js\base64.js" Configuration="Debug" Class="ProjectFile">
                    <Platform Name="Win32">
                        <RemoteDir>.\js\</RemoteDir>
                        <Overwrite>true</Overwrite>
                    </Platform>
                </DeployFile>
                <DeployFile LocalName="js\base64.js" Configuration="Debug" Class="ProjectFile">
                    <Platform Name="Win64">
                        <RemoteDir>.\js\</RemoteDir>
                        <RemoteName>base64.js</RemoteName>
                        <Overwrite>true</Overwrite>
                    </Platform>
                </DeployFile>
                <DeployClass Name="AdditionalDebugSymbols">
                    <Platform Name="OSX32">
                        <Operation>1</Operation>
                    </Platform>
                    <Platform Name="Win32">
                        <RemoteDir>Contents\MacOS</RemoteDir>
                        <Operation>0</Operation>
                    </Platform>
                </DeployClass>
                <DeployClass Name="AndroidClassesDexFile">
                    <Platform Name="Android">
                        <RemoteDir>classes</RemoteDir>
                        <Operation>1</Operation>
                    </Platform>
                </DeployClass>
                <DeployClass Name="AndroidGDBServer">
                    <Platform Name="Android">
                        <RemoteDir>library\lib\armeabi-v7a</RemoteDir>
                        <Operation>1</Operation>
                    </Platform>
                </DeployClass>
                <DeployClass Name="AndroidLibnativeArmeabiFile">
                    <Platform Name="Android">
                        <RemoteDir>library\lib\armeabi</RemoteDir>
                        <Operation>1</Operation>
                    </Platform>
                </DeployClass>
                <DeployClass Name="AndroidLibnativeMipsFile">
                    <Platform Name="Android">
                        <RemoteDir>library\lib\mips</RemoteDir>
                        <Operation>1</Operation>
                    </Platform>
                </DeployClass>
                <DeployClass Name="AndroidServiceOutput">
                    <Platform Name="Android">
                        <RemoteDir>library\lib\armeabi-v7a</RemoteDir>
                        <Operation>1</Operation>
                    </Platform>
                </DeployClass>
                <DeployClass Name="AndroidSplashImageDef">
                    <Platform Name="Android">
                        <RemoteDir>res\drawable</RemoteDir>
                        <Operation>1</Operation>
                    </Platform>
                </DeployClass>
                <DeployClass Name="AndroidSplashStyles">
                    <Platform Name="Android">
                        <RemoteDir>res\values</RemoteDir>
                        <Operation>1</Operation>
                    </Platform>
                </DeployClass>
                <DeployClass Name="Android_DefaultAppIcon">
                    <Platform Name="Android">
                        <RemoteDir>res\drawable</RemoteDir>
                        <Operation>1</Operation>
                    </Platform>
                </DeployClass>
                <DeployClass Name="Android_LauncherIcon144">
                    <Platform Name="Android">
                        <RemoteDir>res\drawable-xxhdpi</RemoteDir>
                        <Operation>1</Operation>
                    </Platform>
                </DeployClass>
                <DeployClass Name="Android_LauncherIcon36">
                    <Platform Name="Android">
                        <RemoteDir>res\drawable-ldpi</RemoteDir>
                        <Operation>1</Operation>
                    </Platform>
                </DeployClass>
                <DeployClass Name="Android_LauncherIcon48">
                    <Platform Name="Android">
                        <RemoteDir>res\drawable-mdpi</RemoteDir>
                        <Operation>1</Operation>
                    </Platform>
                </DeployClass>
                <DeployClass Name="Android_LauncherIcon72">
                    <Platform Name="Android">
                        <RemoteDir>res\drawable-hdpi</RemoteDir>
                        <Operation>1</Operation>
                    </Platform>
                </DeployClass>
                <DeployClass Name="Android_LauncherIcon96">
                    <Platform Name="Android">
                        <RemoteDir>res\drawable-xhdpi</RemoteDir>
                        <Operation>1</Operation>
                    </Platform>
                </DeployClass>
                <DeployClass Name="Android_SplashImage426">
                    <Platform Name="Android">
                        <RemoteDir>res\drawable-small</RemoteDir>
                        <Operation>1</Operation>
                    </Platform>
                </DeployClass>
                <DeployClass Name="Android_SplashImage470">
                    <Platform Name="Android">
                        <RemoteDir>res\drawable-normal</RemoteDir>
                        <Operation>1</Operation>
                    </Platform>
                </DeployClass>
                <DeployClass Name="Android_SplashImage640">
                    <Platform Name="Android">
                        <RemoteDir>res\drawable-large</RemoteDir>
                        <Operation>1</Operation>
                    </Platform>
                </DeployClass>
                <DeployClass Name="Android_SplashImage960">
                    <Platform Name="Android">
                        <RemoteDir>res\drawable-xlarge</RemoteDir>
                        <Operation>1</Operation>
                    </Platform>
                </DeployClass>
                <DeployClass Name="DebugSymbols">
                    <Platform Name="iOSSimulator">
                        <Operation>1</Operation>
                    </Platform>
                    <Platform Name="OSX32">
                        <Operation>1</Operation>
                    </Platform>
                    <Platform Name="Win32">
                        <Operation>0</Operation>
                    </Platform>
                </DeployClass>
                <DeployClass Name="DependencyFramework">
                    <Platform Name="OSX32">
                        <Operation>1</Operation>
                        <Extensions>.framework</Extensions>
                    </Platform>
                    <Platform Name="Win32">
                        <Operation>0</Operation>
                    </Platform>
                </DeployClass>
                <DeployClass Name="DependencyModule">
                    <Platform Name="OSX32">
                        <Operation>1</Operation>
                        <Extensions>.dylib</Extensions>
                    </Platform>
                    <Platform Name="Win32">
                        <Operation>0</Operation>
                        <Extensions>.dll;.bpl</Extensions>
                    </Platform>
                </DeployClass>
                <DeployClass Required="true" Name="DependencyPackage">
                    <Platform Name="iOSDevice32">
                        <Operation>1</Operation>
                        <Extensions>.dylib</Extensions>
                    </Platform>
                    <Platform Name="iOSDevice64">
                        <Operation>1</Operation>
                        <Extensions>.dylib</Extensions>
                    </Platform>
                    <Platform Name="iOSSimulator">
                        <Operation>1</Operation>
                        <Extensions>.dylib</Extensions>
                    </Platform>
                    <Platform Name="OSX32">
                        <Operation>1</Operation>
                        <Extensions>.dylib</Extensions>
                    </Platform>
                    <Platform Name="Win32">
                        <Operation>0</Operation>
                        <Extensions>.bpl</Extensions>
                    </Platform>
                </DeployClass>
                <DeployClass Name="File">
                    <Platform Name="Android">
                        <Operation>0</Operation>
                    </Platform>
                    <Platform Name="iOSDevice32">
                        <Operation>0</Operation>
                    </Platform>
                    <Platform Name="iOSDevice64">
                        <Operation>0</Operation>
                    </Platform>
                    <Platform Name="iOSSimulator">
                        <Operation>0</Operation>
                    </Platform>
                    <Platform Name="OSX32">
                        <Operation>0</Operation>
                    </Platform>
                    <Platform Name="Win32">
                        <Operation>0</Operation>
                    </Platform>
                </DeployClass>
                <DeployClass Name="iPad_Launch1024">
                    <Platform Name="iOSDevice32">
                        <Operation>1</Operation>
                    </Platform>
                    <Platform Name="iOSDevice64">
                        <Operation>1</Operation>
                    </Platform>
                    <Platform Name="iOSSimulator">
                        <Operation>1</Operation>
                    </Platform>
                </DeployClass>
                <DeployClass Name="iPad_Launch1536">
                    <Platform Name="iOSDevice32">
                        <Operation>1</Operation>
                    </Platform>
                    <Platform Name="iOSDevice64">
                        <Operation>1</Operation>
                    </Platform>
                    <Platform Name="iOSSimulator">
                        <Operation>1</Operation>
                    </Platform>
                </DeployClass>
                <DeployClass Name="iPad_Launch2048">
                    <Platform Name="iOSDevice32">
                        <Operation>1</Operation>
                    </Platform>
                    <Platform Name="iOSDevice64">
                        <Operation>1</Operation>
                    </Platform>
                    <Platform Name="iOSSimulator">
                        <Operation>1</Operation>
                    </Platform>
                </DeployClass>
                <DeployClass Name="iPad_Launch768">
                    <Platform Name="iOSDevice32">
                        <Operation>1</Operation>
                    </Platform>
                    <Platform Name="iOSDevice64">
                        <Operation>1</Operation>
                    </Platform>
                    <Platform Name="iOSSimulator">
                        <Operation>1</Operation>
                    </Platform>
                </DeployClass>
                <DeployClass Name="iPhone_Launch320">
                    <Platform Name="iOSDevice32">
                        <Operation>1</Operation>
                    </Platform>
                    <Platform Name="iOSDevice64">
                        <Operation>1</Operation>
                    </Platform>
                    <Platform Name="iOSSimulator">
                        <Operation>1</Operation>
                    </Platform>
                </DeployClass>
                <DeployClass Name="iPhone_Launch640">
                    <Platform Name="iOSDevice32">
                        <Operation>1</Operation>
                    </Platform>
                    <Platform Name="iOSDevice64">
                        <Operation>1</Operation>
                    </Platform>
                    <Platform Name="iOSSimulator">
                        <Operation>1</Operation>
                    </Platform>
                </DeployClass>
                <DeployClass Name="iPhone_Launch640x1136">
                    <Platform Name="iOSDevice32">
                        <Operation>1</Operation>
                    </Platform>
                    <Platform Name="iOSDevice64">
                        <Operation>1</Operation>
                    </Platform>
                    <Platform Name="iOSSimulator">
                        <Operation>1</Operation>
                    </Platform>
                </DeployClass>
                <DeployClass Name="ProjectAndroidManifest">
                    <Platform Name="Android">
                        <Operation>1</Operation>
                    </Platform>
                </DeployClass>
                <DeployClass Name="ProjectiOSDeviceDebug">
                    <Platform Name="iOSDevice32">
                        <RemoteDir>..\$(PROJECTNAME).app.dSYM\Contents\Resources\DWARF</RemoteDir>
                        <Operation>1</Operation>
                    </Platform>
                    <Platform Name="iOSDevice64">
                        <RemoteDir>..\$(PROJECTNAME).app.dSYM\Contents\Resources\DWARF</RemoteDir>
                        <Operation>1</Operation>
                    </Platform>
                </DeployClass>
                <DeployClass Name="ProjectiOSDeviceResourceRules"/>
                <DeployClass Name="ProjectiOSEntitlements"/>
                <DeployClass Name="ProjectiOSInfoPList"/>
                <DeployClass Name="ProjectiOSResource">
                    <Platform Name="iOSDevice32">
                        <Operation>1</Operation>
                    </Platform>
                    <Platform Name="iOSDevice64">
                        <Operation>1</Operation>
                    </Platform>
                    <Platform Name="iOSSimulator">
                        <Operation>1</Operation>
                    </Platform>
                </DeployClass>
                <DeployClass Name="ProjectOSXEntitlements"/>
                <DeployClass Name="ProjectOSXInfoPList"/>
                <DeployClass Name="ProjectOSXResource">
                    <Platform Name="OSX32">
                        <RemoteDir>Contents\Resources</RemoteDir>
                        <Operation>1</Operation>
                    </Platform>
                </DeployClass>
                <DeployClass Required="true" Name="ProjectOutput">
                    <Platform Name="Android">
                        <RemoteDir>library\lib\armeabi-v7a</RemoteDir>
                        <Operation>1</Operation>
                    </Platform>
                    <Platform Name="iOSDevice32">
                        <Operation>1</Operation>
                    </Platform>
                    <Platform Name="iOSDevice64">
                        <Operation>1</Operation>
                    </Platform>
                    <Platform Name="iOSSimulator">
                        <Operation>1</Operation>
                    </Platform>
                    <Platform Name="Linux64">
                        <Operation>1</Operation>
                    </Platform>
                    <Platform Name="OSX32">
                        <Operation>1</Operation>
                    </Platform>
                    <Platform Name="Win32">
                        <Operation>0</Operation>
                    </Platform>
                </DeployClass>
                <DeployClass Name="ProjectUWPManifest">
                    <Platform Name="Win32">
                        <Operation>1</Operation>
                    </Platform>
                    <Platform Name="Win64">
                        <Operation>1</Operation>
                    </Platform>
                </DeployClass>
                <DeployClass Name="UWP_DelphiLogo150">
                    <Platform Name="Win32">
                        <RemoteDir>Assets</RemoteDir>
                        <Operation>1</Operation>
                    </Platform>
                    <Platform Name="Win64">
                        <RemoteDir>Assets</RemoteDir>
                        <Operation>1</Operation>
                    </Platform>
                </DeployClass>
                <DeployClass Name="UWP_DelphiLogo44">
                    <Platform Name="Win32">
                        <RemoteDir>Assets</RemoteDir>
                        <Operation>1</Operation>
                    </Platform>
                    <Platform Name="Win64">
                        <RemoteDir>Assets</RemoteDir>
                        <Operation>1</Operation>
                    </Platform>
                </DeployClass>
                <ProjectRoot Platform="iOSDevice64" Name="$(PROJECTNAME).app"/>
                <ProjectRoot Platform="Win64" Name="$(PROJECTNAME)"/>
                <ProjectRoot Platform="iOSDevice32" Name="$(PROJECTNAME).app"/>
                <ProjectRoot Platform="Linux64" Name="$(PROJECTNAME)"/>
                <ProjectRoot Platform="Win32" Name="$(PROJECTNAME)"/>
                <ProjectRoot Platform="OSX32" Name="$(PROJECTNAME)"/>
                <ProjectRoot Platform="Android" Name="$(PROJECTNAME)"/>
                <ProjectRoot Platform="iOSSimulator" Name="$(PROJECTNAME).app"/>
            </Deployment>
            <Platforms>
                <Platform value="Linux64">True</Platform>
                <Platform value="Win32">True</Platform>
                <Platform value="Win64">False</Platform>
            </Platforms>
        </BorlandProject>
        <ProjectFileVersion>12</ProjectFileVersion>
    </ProjectExtensions>
    <Import Project="$(BDS)\Bin\CodeGear.Delphi.Targets" Condition="Exists('$(BDS)\Bin\CodeGear.Delphi.Targets')"/>
    <Import Project="$(APPDATA)\Embarcadero\$(BDSAPPDATABASEDIR)\$(PRODUCTVERSION)\UserTools.proj" Condition="Exists('$(APPDATA)\Embarcadero\$(BDSAPPDATABASEDIR)\$(PRODUCTVERSION)\UserTools.proj')"/>
    <Import Project="$(MSBuildProjectName).deployproj" Condition="Exists('$(MSBuildProjectName).deployproj')"/>
    <PropertyGroup Condition="'$(Config)'=='Debug' And '$(Platform)'=='Linux64'">
        <PreBuildEvent/>
        <PreBuildEventIgnoreExitCode>False</PreBuildEventIgnoreExitCode>
        <PreLinkEvent/>
        <PreLinkEventIgnoreExitCode>False</PreLinkEventIgnoreExitCode>
        <PostBuildEvent>if exist &quot;$(BDS)\ObjRepos\en\dsrest\dsPostBuild.bat&quot; ( call &quot;$(BDS)\ObjRepos\en\dsrest\dsPostBuild.bat&quot; &quot;$(PROJECTDIR)&quot; &quot;$(OUTPUTDIR)&quot; )</PostBuildEvent>
        <PostBuildEventIgnoreExitCode>False</PostBuildEventIgnoreExitCode>
    </PropertyGroup>
    <PropertyGroup Condition="'$(Config)'=='Debug' And '$(Platform)'=='Win32'">
        <PreBuildEvent/>
        <PreBuildEventIgnoreExitCode>False</PreBuildEventIgnoreExitCode>
        <PreLinkEvent/>
        <PreLinkEventIgnoreExitCode>False</PreLinkEventIgnoreExitCode>
        <PostBuildEvent>if exist &quot;$(BDS)\ObjRepos\en\dsrest\dsPostBuild.bat&quot; ( call &quot;$(BDS)\ObjRepos\en\dsrest\dsPostBuild.bat&quot; &quot;$(PROJECTDIR)&quot; &quot;$(OUTPUTDIR)&quot; )</PostBuildEvent>
        <PostBuildEventIgnoreExitCode>False</PostBuildEventIgnoreExitCode>
    </PropertyGroup>
    <PropertyGroup Condition="'$(Config)'=='Debug' And '$(Platform)'=='Win64'">
        <PreBuildEvent/>
        <PreBuildEventIgnoreExitCode>False</PreBuildEventIgnoreExitCode>
        <PreLinkEvent/>
        <PreLinkEventIgnoreExitCode>False</PreLinkEventIgnoreExitCode>
        <PostBuildEvent>if exist &quot;$(BDS)\ObjRepos\en\dsrest\dsPostBuild.bat&quot; ( call &quot;$(BDS)\ObjRepos\en\dsrest\dsPostBuild.bat&quot; &quot;$(PROJECTDIR)&quot; &quot;$(OUTPUTDIR)&quot; )</PostBuildEvent>
        <PostBuildEventIgnoreExitCode>False</PostBuildEventIgnoreExitCode>
    </PropertyGroup>
    <PropertyGroup Condition="'$(Config)'=='Release' And '$(Platform)'=='Linux64'">
        <PreBuildEvent/>
        <PreBuildEventIgnoreExitCode>False</PreBuildEventIgnoreExitCode>
        <PreLinkEvent/>
        <PreLinkEventIgnoreExitCode>False</PreLinkEventIgnoreExitCode>
        <PostBuildEvent>if exist &quot;$(BDS)\ObjRepos\en\dsrest\dsPostBuild.bat&quot; ( call &quot;$(BDS)\ObjRepos\en\dsrest\dsPostBuild.bat&quot; &quot;$(PROJECTDIR)&quot; &quot;$(OUTPUTDIR)&quot; )</PostBuildEvent>
        <PostBuildEventIgnoreExitCode>False</PostBuildEventIgnoreExitCode>
    </PropertyGroup>
    <PropertyGroup Condition="'$(Config)'=='Release' And '$(Platform)'=='Win32'">
        <PreBuildEvent/>
        <PreBuildEventIgnoreExitCode>False</PreBuildEventIgnoreExitCode>
        <PreLinkEvent/>
        <PreLinkEventIgnoreExitCode>False</PreLinkEventIgnoreExitCode>
        <PostBuildEvent>if exist &quot;$(BDS)\ObjRepos\en\dsrest\dsPostBuild.bat&quot; ( call &quot;$(BDS)\ObjRepos\en\dsrest\dsPostBuild.bat&quot; &quot;$(PROJECTDIR)&quot; &quot;$(OUTPUTDIR)&quot; )</PostBuildEvent>
        <PostBuildEventIgnoreExitCode>False</PostBuildEventIgnoreExitCode>
    </PropertyGroup>
    <PropertyGroup Condition="'$(Config)'=='Release' And '$(Platform)'=='Win64'">
        <PreBuildEvent/>
        <PreBuildEventIgnoreExitCode>False</PreBuildEventIgnoreExitCode>
        <PreLinkEvent/>
        <PreLinkEventIgnoreExitCode>False</PreLinkEventIgnoreExitCode>
        <PostBuildEvent>if exist &quot;$(BDS)\ObjRepos\en\dsrest\dsPostBuild.bat&quot; ( call &quot;$(BDS)\ObjRepos\en\dsrest\dsPostBuild.bat&quot; &quot;$(PROJECTDIR)&quot; &quot;$(OUTPUTDIR)&quot; )</PostBuildEvent>
        <PostBuildEventIgnoreExitCode>False</PostBuildEventIgnoreExitCode>
    </PropertyGroup>
</Project>
